// !$*UTF8*$!
{
	archiveVersion = 1;
	classes = {
	};
	objectVersion = 46;
	objects = {

/* Begin PBXBuildFile section */
		2789F27D1BDE32D200350C4C /* main.m in Sources */ = {isa = PBXBuildFile; fileRef = 2789F27C1BDE32D200350C4C /* main.m */; };
		2789F2851BDE330E00350C4C /* StockHolding.m in Sources */ = {isa = PBXBuildFile; fileRef = 2789F2841BDE330E00350C4C /* StockHolding.m */; };
		2789F28B1BDEA38B00350C4C /* ForeignStockHolding.m in Sources */ = {isa = PBXBuildFile; fileRef = 2789F28A1BDEA38B00350C4C /* ForeignStockHolding.m */; };
/* End PBXBuildFile section */

/* Begin PBXCopyFilesBuildPhase section */
		2789F2771BDE32D200350C4C /* CopyFiles */ = {
			isa = PBXCopyFilesBuildPhase;
			buildActionMask = 2147483647;
			dstPath = /usr/share/man/man1/;
			dstSubfolderSpec = 0;
			files = (
			);
			runOnlyForDeploymentPostprocessing = 1;
		};
/* End PBXCopyFilesBuildPhase section */

/* Begin PBXFileReference section */
		2789F2791BDE32D200350C4C /* Stocks */ = {isa = PBXFileReference; explicitFileType = "compiled.mach-o.executable"; includeInIndex = 0; path = Stocks; sourceTree = BUILT_PRODUCTS_DIR; };
		2789F27C1BDE32D200350C4C /* main.m */ = {isa = PBXFileReference; lastKnownFileType = sourcecode.c.objc; path = main.m; sourceTree = "<group>"; };
		2789F2831BDE32EC00350C4C /* StockHolding.h */ = {isa = PBXFileReference; lastKnownFileType = sourcecode.c.h; name = StockHolding.h; path = ../StockHolding.h; sourceTree = "<group>"; };
		2789F2841BDE330E00350C4C /* StockHolding.m */ = {isa = PBXFileReference; fileEncoding = 4; lastKnownFileType = sourcecode.c.objc; path = StockHolding.m; sourceTree = "<group>"; };
		2789F2891BDEA33100350C4C /* ForeignStockHolding.h */ = {isa = PBXFileReference; lastKnownFileType = sourcecode.c.h; path = ForeignStockHolding.h; sourceTree = "<group>"; };
		2789F28A1BDEA38B00350C4C /* ForeignStockHolding.m */ = {isa = PBXFileReference; fileEncoding = 4; lastKnownFileType = sourcecode.c.objc; path = ForeignStockHolding.m; sourceTree = "<group>"; };
/* End PBXFileReference section */

/* Begin PBXFrameworksBuildPhase section */
		2789F2761BDE32D200350C4C /* Frameworks */ = {
			isa = PBXFrameworksBuildPhase;
			buildActionMask = 2147483647;
			files = (
			);
			runOnlyForDeploymentPostprocessing = 0;
		};
/* End PBXFrameworksBuildPhase section */

/* Begin PBXGroup section */
		2789F2701BDE32D200350C4C = {
			isa = PBXGroup;
			children = (
				2789F27B1BDE32D200350C4C /* Stocks */,
				2789F27A1BDE32D200350C4C /* Products */,
			);
			sourceTree = "<group>";
		};
		2789F27A1BDE32D200350C4C /* Products */ = {
			isa = PBXGroup;
			children = (
				2789F2791BDE32D200350C4C /* Stocks */,
			);
			name = Products;
			sourceTree = "<group>";
		};
		2789F27B1BDE32D200350C4C /* Stocks */ = {
			isa = PBXGroup;
			children = (
				2789F2831BDE32EC00350C4C /* StockHolding.h */,
				2789F2841BDE330E00350C4C /* StockHolding.m */,
				2789F27C1BDE32D200350C4C /* main.m */,
				2789F2891BDEA33100350C4C /* ForeignStockHolding.h */,
				2789F28A1BDEA38B00350C4C /* ForeignStockHolding.m */,
			);
			path = Stocks;
			sourceTree = "<group>";
		};
/* End PBXGroup section */

/* Begin PBXNativeTarget section */
		2789F2781BDE32D200350C4C /* Stocks */ = {
			isa = PBXNativeTarget;
			buildConfigurationList = 2789F2801BDE32D200350C4C /* Build configuration list for PBXNativeTarget "Stocks" */;
			buildPhases = (
				2789F2751BDE32D200350C4C /* Sources */,
				2789F2761BDE32D200350C4C /* Frameworks */,
				2789F2771BDE32D200350C4C /* CopyFiles */,
			);
			buildRules = (
			);
			dependencies = (
			);
			name = Stocks;
			productName = Stocks;
			productReference = 2789F2791BDE32D200350C4C /* Stocks */;
			productType = "com.apple.product-type.tool";
		};
/* End PBXNativeTarget section */

/* Begin PBXProject section */
		2789F2711BDE32D200350C4C /* Project object */ = {
			isa = PBXProject;
			attributes = {
				KnownAssetTags = (
					New,
					"New-1",
				);
				LastUpgradeCheck = 0710;
				ORGANIZATIONNAME = "Geert-Jan Kruijff";
				TargetAttributes = {
					2789F2781BDE32D200350C4C = {
						CreatedOnToolsVersion = 7.1;
					};
				};
			};
			buildConfigurationList = 2789F2741BDE32D200350C4C /* Build configuration list for PBXProject "Stocks" */;
			compatibilityVersion = "Xcode 3.2";
			developmentRegion = English;
			hasScannedForEncodings = 0;
			knownRegions = (
				en,
			);
			mainGroup = 2789F2701BDE32D200350C4C;
			productRefGroup = 2789F27A1BDE32D200350C4C /* Products */;
			projectDirPath = "";
			projectRoot = "";
			targets = (
				2789F2781BDE32D200350C4C /* Stocks */,
			);
		};
/* End PBXProject section */

/* Begin PBXSourcesBuildPhase section */
		2789F2751BDE32D200350C4C /* Sources */ = {
			isa = PBXSourcesBuildPhase;
			buildActionMask = 2147483647;
			files = (
				2789F28B1BDEA38B00350C4C /* ForeignStockHolding.m in Sources */,
				2789F2851BDE330E00350C4C /* StockHolding.m in Sources */,
				2789F27D1BDE32D200350C4C /* main.m in Sources */,
			);
			runOnlyForDeploymentPostprocessing = 0;
		};
/* End PBXSourcesBuildPhase section */

/* Begin XCBuildConfiguration section */
		2789F27E1BDE32D200350C4C /* Debug */ = {
			isa = XCBuildConfiguration;
			buildSettings = {
				ALWAYS_SEARCH_USER_PATHS = NO;
				CLANG_CXX_LANGUAGE_STANDARD = "gnu++0x";
				CLANG_CXX_LIBRARY = "libc++";
				CLANG_ENABLE_MODULES = YES;
				CLANG_ENABLE_OBJC_ARC = YES;
				CLANG_WARN_BOOL_CONVERSION = YES;
				CLANG_WARN_CONSTANT_CONVERSION = YES;
				CLANG_WARN_DIRECT_OBJC_ISA_USAGE = YES_ERROR;
				CLANG_WARN_EMPTY_BODY = YES;
				CLANG_WARN_ENUM_CONVERSION = YES;
				CLANG_WARN_INT_CONVERSION = YES;
				CLANG_WARN_OBJC_ROOT_CLASS = YES_ERROR;
				CLANG_WARN_UNREACHABLE_CODE = YES;
				CLANG_WARN__DUPLICATE_METHOD_MATCH = YES;
				CODE_SIGN_IDENTITY = "-";
				COPY_PHASE_STRIP = NO;
				DEBUG_INFORMATION_FORMAT = dwarf;
				ENABLE_STRICT_OBJC_MSGSEND = YES;
				ENABLE_TESTABILITY = YES;
				GCC_C_LANGUAGE_STANDARD = gnu99;
				GCC_DYNAMIC_NO_PIC = NO;
				GCC_NO_COMMON_BLOCKS = YES;
				GCC_OPTIMIZATION_LEVEL = 0;
				GCC_PREPROCESSOR_DEFINITIONS = (
					"DEBUG=1",
					"$(inherited)",
				);
				GCC_WARN_64_TO_32_BIT_CONVERSION = YES;
				GCC_WARN_ABOUT_RETURN_TYPE = YES_ERROR;
				GCC_WARN_UNDECLARED_SELECTOR = YES;
				GCC_WARN_UNINITIALIZED_AUTOS = YES_AGGRESSIVE;
				GCC_WARN_UNUSED_FUNCTION = YES;
				GCC_WARN_UNUSED_VARIABLE = YES;
				MACOSX_DEPLOYMENT_TARGET = 10.11;
				MTL_ENABLE_DEBUG_INFO = YES;
				ONLY_ACTIVE_ARCH = YES;
				SDKROOT = macosx;
			};
			name = Debug;
		};
		2789F27F1BDE32D200350C4C /* Release */ = {
			isa = XCBuildConfiguration;
			buildSettings = {
				ALWAYS_SEARCH_USER_PATHS = NO;
				CLANG_CXX_LANGUAGE_STANDARD = "gnu++0x";
				CLANG_CXX_LIBRARY = "libc++";
				CLANG_ENABLE_MODULES = YES;
				CLANG_ENABLE_OBJC_ARC = YES;
				CLANG_WARN_BOOL_CONVERSION = YES;
				CLANG_WARN_CONSTANT_CONVERSION = YES;
				CLANG_WARN_DIRECT_OBJC_ISA_USAGE = YES_ERROR;
				CLANG_WARN_EMPTY_BODY = YES;
				CLANG_WARN_ENUM_CONVERSION = YES;
				CLANG_WARN_INT_CONVERSION = YES;
				CLANG_WARN_OBJC_ROOT_CLASS = YES_ERROR;
				CLANG_WARN_UNREACHABLE_CODE = YES;
				CLANG_WARN__DUPLICATE_METHOD_MATCH = YES;
				CODE_SIGN_IDENTITY = "-";
				COPY_PHASE_STRIP = NO;
				DEBUG_INFORMATION_FORMAT = "dwarf-with-dsym";
				ENABLE_NS_ASSERTIONS = NO;
				ENABLE_STRICT_OBJC_MSGSEND = YES;
				GCC_C_LANGUAGE_STANDARD = gnu99;
				GCC_NO_COMMON_BLOCKS = YES;
				GCC_WARN_64_TO_32_BIT_CONVERSION = YES;
				GCC_WARN_ABOUT_RETURN_TYPE = YES_ERROR;
				GCC_WARN_UNDECLARED_SELECTOR = YES;
				GCC_WARN_UNINITIALIZED_AUTOS = YES_AGGRESSIVE;
				GCC_WARN_UNUSED_FUNCTION = YES;
				GCC_WARN_UNUSED_VARIABLE = YES;
				MACOSX_DEPLOYMENT_TARGET = 10.11;
				MTL_ENABLE_DEBUG_INFO = NO;
				SDKROOT = macosx;
			};
			name = Release;
		};
		2789F2811BDE32D200350C4C /* Debug */ = {
			isa = XCBuildConfiguration;
			buildSettings = {
				PRODUCT_NAME = "$(TARGET_NAME)";
			};
			name = Debug;
		};
		2789F2821BDE32D200350C4C /* Release */ = {
			isa = XCBuildConfiguration;
			buildSettings = {
				PRODUCT_NAME = "$(TARGET_NAME)";
			};
			name = Release;
		};
/* End XCBuildConfiguration section */

/* Begin XCConfigurationList section */
		2789F2741BDE32D200350C4C /* Build configuration list for PBXProject "Stocks" */ = {
			isa = XCConfigurationList;
			buildConfigurations = (
				2789F27E1BDE32D200350C4C /* Debug */,
				2789F27F1BDE32D200350C4C /* Release */,
			);
			defaultConfigurationIsVisible = 0;
			defaultConfigurationName = Release;
		};
		2789F2801BDE32D200350C4C /* Build configuration list for PBXNativeTarget "Stocks" */ = {
			isa = XCConfigurationList;
			buildConfigurations = (
				2789F2811BDE32D200350C4C /* Debug */,
				2789F2821BDE32D200350C4C /* Release */,
			);
			defaultConfigurationIsVisible = 0;
			defaultConfigurationName = Release;
		};
/* End XCConfigurationList section */
	};
	rootObject = 2789F2711BDE32D200350C4C /* Project object */;
}
